
Microsoft Visual Studio Solution File, Format Version 12.00
# Visual Studio 15
VisualStudioVersion = 15.0.28307.136
MinimumVisualStudioVersion = 10.0.40219.1
Project("{8BC9CEB8-8B4A-11D0-8D11-00A0C91BC942}") = "Task1", "Task1\Task1.vcxproj", "{1EF95E99-E77B-4FA1-B9DE-90BDB62C9166}"
EndProject
Project("{8BC9CEB8-8B4A-11D0-8D11-00A0C91BC942}") = "Task2", "Task2\Task2.vcxproj", "{C58D0ABB-04EA-493C-8FD1-67FFD3C467E4}"
EndProject
Project("{8BC9CEB8-8B4A-11D0-8D11-00A0C91BC942}") = "Task3", "Task3\Task3.vcxproj", "{E2B41BD2-DB52-419D-9750-77E34B5F19F2}"
EndProject
Global
	GlobalSection(SolutionConfigurationPlatforms) = preSolution
		Debug|x64 = Debug|x64
		Debug|x86 = Debug|x86
		Release|x64 = Release|x64
		Release|x86 = Release|x86
	EndGlobalSection
	GlobalSection(ProjectConfigurationPlatforms) = postSolution
		{1EF95E99-E77B-4FA1-B9DE-90BDB62C9166}.Debug|x64.ActiveCfg = Debug|x64
		{1EF95E99-E77B-4FA1-B9DE-90BDB62C9166}.Debug|x64.Build.0 = Debug|x64
		{1EF95E99-E77B-4FA1-B9DE-90BDB62C9166}.Debug|x86.ActiveCfg = Debug|Win32
		{1EF95E99-E77B-4FA1-B9DE-90BDB62C9166}.Debug|x86.Build.0 = Debug|Win32
		{1EF95E99-E77B-4FA1-B9DE-90BDB62C9166}.Release|x64.ActiveCfg = Release|x64
		{1EF95E99-E77B-4FA1-B9DE-90BDB62C9166}.Release|x64.Build.0 = Release|x64
		{1EF95E99-E77B-4FA1-B9DE-90BDB62C9166}.Release|x86.ActiveCfg = Release|Win32
		{1EF95E99-E77B-4FA1-B9DE-90BDB62C9166}.Release|x86.Build.0 = Release|Win32
		{C58D0ABB-04EA-493C-8FD1-67FFD3C467E4}.Debug|x64.ActiveCfg = Debug|x64
		{C58D0ABB-04EA-493C-8FD1-67FFD3C467E4}.Debug|x64.Build.0 = Debug|x64
		{C58D0ABB-04EA-493C-8FD1-67FFD3C467E4}.Debug|x86.ActiveCfg = Debug|Win32
		{C58D0ABB-04EA-493C-8FD1-67FFD3C467E4}.Debug|x86.Build.0 = Debug|Win32
		{C58D0ABB-04EA-493C-8FD1-67FFD3C467E4}.Release|x64.ActiveCfg = Release|x64
		{C58D0ABB-04EA-493C-8FD1-67FFD3C467E4}.Release|x64.Build.0 = Release|x64
		{C58D0ABB-04EA-493C-8FD1-67FFD3C467E4}.Release|x86.ActiveCfg = Release|Win32
		{C58D0ABB-04EA-493C-8FD1-67FFD3C467E4}.Release|x86.Build.0 = Release|Win32
		{E2B41BD2-DB52-419D-9750-77E34B5F19F2}.Debug|x64.ActiveCfg = Debug|x64
		{E2B41BD2-DB52-419D-9750-77E34B5F19F2}.Debug|x64.Build.0 = Debug|x64
		{E2B41BD2-DB52-419D-9750-77E34B5F19F2}.Debug|x86.ActiveCfg = Debug|Win32
		{E2B41BD2-DB52-419D-9750-77E34B5F19F2}.Debug|x86.Build.0 = Debug|Win32
		{E2B41BD2-DB52-419D-9750-77E34B5F19F2}.Release|x64.ActiveCfg = Release|x64
		{E2B41BD2-DB52-419D-9750-77E34B5F19F2}.Release|x64.Build.0 = Release|x64
		{E2B41BD2-DB52-419D-9750-77E34B5F19F2}.Release|x86.ActiveCfg = Release|Win32
		{E2B41BD2-DB52-419D-9750-77E34B5F19F2}.Release|x86.Build.0 = Release|Win32
	EndGlobalSection
	GlobalSection(SolutionProperties) = preSolution
		HideSolutionNode = FALSE
	EndGlobalSection
	GlobalSection(ExtensibilityGlobals) = postSolution
		SolutionGuid = {1454345F-EB29-456A-913B-0F6D7F151F6C}
	EndGlobalSection
EndGlobal
